{
  "pins" : [
    {
      "identity" : "fluidaudio",
      "kind" : "remoteSourceControl",
      "location" : "https://github.com/FluidInference/FluidAudio.git",
      "state" : {
        "revision" : "00ea906c2089971bec767c4b4df38686aa7a9f9e",
        "version" : "0.14.3"
      }
    }
  ],
  "version" : 2
}
